{
  "name": "talybu-shop-monorepo",
  "version": "1.0.0",
  "lockfileVersion": 3,
  "requires": true,
  "packages": {
    "": {
      "name": "talybu-shop-monorepo",
      "version": "1.0.0",
      "license": "MIT",
      "dependencies": {
        "talybu-shop-monorepo": "file:"
      }
    },
    "node_modules/talybu-shop-monorepo": {
      "resolved": "",
      "link": true
    }
  }
}
